
Microsoft Visual Studio Solution File, Format Version 12.00
# Visual Studio Version 16
VisualStudioVersion = 16.0.30128.74
MinimumVisualStudioVersion = 10.0.40219.1
Project("{FAE04EC0-301F-11D3-BF4B-00C04F79EFBC}") = "Web", "Web\Web.csproj", "{2350E510-6C08-457E-8343-73C451162DF9}"
EndProject
Project("{FAE04EC0-301F-11D3-BF4B-00C04F79EFBC}") = "Core", "Core\Core.csproj", "{52FEC965-60CD-4106-B58E-68DA90A272E1}"
EndProject
Project("{FAE04EC0-301F-11D3-BF4B-00C04F79EFBC}") = "Infrastructure", "Infrastructure\Infrastructure.csproj", "{0C92937B-9D26-4E9C-8F34-EEF991F715C4}"
EndProject
Global
	GlobalSection(SolutionConfigurationPlatforms) = preSolution
		Debug|Any CPU = Debug|Any CPU
		Release|Any CPU = Release|Any CPU
	EndGlobalSection
	GlobalSection(ProjectConfigurationPlatforms) = postSolution
		{2350E510-6C08-457E-8343-73C451162DF9}.Debug|Any CPU.ActiveCfg = Debug|Any CPU
		{2350E510-6C08-457E-8343-73C451162DF9}.Debug|Any CPU.Build.0 = Debug|Any CPU
		{2350E510-6C08-457E-8343-73C451162DF9}.Release|Any CPU.ActiveCfg = Release|Any CPU
		{2350E510-6C08-457E-8343-73C451162DF9}.Release|Any CPU.Build.0 = Release|Any CPU
		{52FEC965-60CD-4106-B58E-68DA90A272E1}.Debug|Any CPU.ActiveCfg = Debug|Any CPU
		{52FEC965-60CD-4106-B58E-68DA90A272E1}.Debug|Any CPU.Build.0 = Debug|Any CPU
		{52FEC965-60CD-4106-B58E-68DA90A272E1}.Release|Any CPU.ActiveCfg = Release|Any CPU
		{52FEC965-60CD-4106-B58E-68DA90A272E1}.Release|Any CPU.Build.0 = Release|Any CPU
		{0C92937B-9D26-4E9C-8F34-EEF991F715C4}.Debug|Any CPU.ActiveCfg = Debug|Any CPU
		{0C92937B-9D26-4E9C-8F34-EEF991F715C4}.Debug|Any CPU.Build.0 = Debug|Any CPU
		{0C92937B-9D26-4E9C-8F34-EEF991F715C4}.Release|Any CPU.ActiveCfg = Release|Any CPU
		{0C92937B-9D26-4E9C-8F34-EEF991F715C4}.Release|Any CPU.Build.0 = Release|Any CPU
	EndGlobalSection
	GlobalSection(SolutionProperties) = preSolution
		HideSolutionNode = FALSE
	EndGlobalSection
	GlobalSection(ExtensibilityGlobals) = postSolution
		SolutionGuid = {52263CC4-AECF-4C04-A500-6241ABB9803B}
	EndGlobalSection
EndGlobal
